
Microsoft Visual Studio Solution File, Format Version 11.00
# Visual Studio 2010
Project("{FAE04EC0-301F-11D3-BF4B-00C04F79EFBC}") = "LyricsEngine", "LyricsEngine\LyricsEngine.csproj", "{B0760CE8-086F-4301-9091-C9BE54F261FD}"
EndProject
Project("{FAE04EC0-301F-11D3-BF4B-00C04F79EFBC}") = "MPTagThat", "MPTagThat\MPTagThat.csproj", "{A4EC0924-5A90-4E83-8D61-4164ABFE13A5}"
EndProject
Project("{FAE04EC0-301F-11D3-BF4B-00C04F79EFBC}") = "MPTagThat.Core", "MPTagThat.Core\MPTagThat.Core.csproj", "{329DC657-B4D5-4324-AA0D-4B77B6F72D8C}"
EndProject
Project("{FAE04EC0-301F-11D3-BF4B-00C04F79EFBC}") = "taglib-sharp", "taglib-sharp\taglib-sharp.csproj", "{6B143A39-C7B2-4743-9917-92262C60E9A6}"
EndProject
Project("{8BC9CEB8-8B4A-11D0-8D11-00A0C91BC942}") = "gain", "gain\gain.vcxproj", "{B16A1BFF-6ADE-4705-AE72-079C0312DC23}"
EndProject
Project("{FAE04EC0-301F-11D3-BF4B-00C04F79EFBC}") = "FreeImage", "FreeImage\FreeImage.csproj", "{6598A7CD-8F27-4D3F-A675-5AE63113A7C3}"
EndProject
Global
	GlobalSection(SolutionConfigurationPlatforms) = preSolution
		Debug|Any CPU = Debug|Any CPU
		Debug|Mixed Platforms = Debug|Mixed Platforms
		Debug|Win32 = Debug|Win32
		Debug|x64 = Debug|x64
		Debug|x86 = Debug|x86
		Release|Any CPU = Release|Any CPU
		Release|Mixed Platforms = Release|Mixed Platforms
		Release|Win32 = Release|Win32
		Release|x64 = Release|x64
		Release|x86 = Release|x86
	EndGlobalSection
	GlobalSection(ProjectConfigurationPlatforms) = postSolution
		{B0760CE8-086F-4301-9091-C9BE54F261FD}.Debug|Any CPU.ActiveCfg = Debug|Any CPU
		{B0760CE8-086F-4301-9091-C9BE54F261FD}.Debug|Any CPU.Build.0 = Debug|Any CPU
		{B0760CE8-086F-4301-9091-C9BE54F261FD}.Debug|Mixed Platforms.ActiveCfg = Debug|x86
		{B0760CE8-086F-4301-9091-C9BE54F261FD}.Debug|Mixed Platforms.Build.0 = Debug|x86
		{B0760CE8-086F-4301-9091-C9BE54F261FD}.Debug|Win32.ActiveCfg = Debug|x86
		{B0760CE8-086F-4301-9091-C9BE54F261FD}.Debug|x64.ActiveCfg = Debug|x86
		{B0760CE8-086F-4301-9091-C9BE54F261FD}.Debug|x86.ActiveCfg = Debug|x86
		{B0760CE8-086F-4301-9091-C9BE54F261FD}.Debug|x86.Build.0 = Debug|x86
		{B0760CE8-086F-4301-9091-C9BE54F261FD}.Release|Any CPU.ActiveCfg = Release|Any CPU
		{B0760CE8-086F-4301-9091-C9BE54F261FD}.Release|Any CPU.Build.0 = Release|Any CPU
		{B0760CE8-086F-4301-9091-C9BE54F261FD}.Release|Mixed Platforms.ActiveCfg = Release|x86
		{B0760CE8-086F-4301-9091-C9BE54F261FD}.Release|Mixed Platforms.Build.0 = Release|x86
		{B0760CE8-086F-4301-9091-C9BE54F261FD}.Release|Win32.ActiveCfg = Release|x86
		{B0760CE8-086F-4301-9091-C9BE54F261FD}.Release|x64.ActiveCfg = Release|x86
		{B0760CE8-086F-4301-9091-C9BE54F261FD}.Release|x86.ActiveCfg = Release|x86
		{B0760CE8-086F-4301-9091-C9BE54F261FD}.Release|x86.Build.0 = Release|x86
		{A4EC0924-5A90-4E83-8D61-4164ABFE13A5}.Debug|Any CPU.ActiveCfg = Debug|x86
		{A4EC0924-5A90-4E83-8D61-4164ABFE13A5}.Debug|Mixed Platforms.ActiveCfg = Debug|x86
		{A4EC0924-5A90-4E83-8D61-4164ABFE13A5}.Debug|Mixed Platforms.Build.0 = Debug|x86
		{A4EC0924-5A90-4E83-8D61-4164ABFE13A5}.Debug|Win32.ActiveCfg = Debug|x86
		{A4EC0924-5A90-4E83-8D61-4164ABFE13A5}.Debug|x64.ActiveCfg = Debug|x86
		{A4EC0924-5A90-4E83-8D61-4164ABFE13A5}.Debug|x86.ActiveCfg = Debug|x86
		{A4EC0924-5A90-4E83-8D61-4164ABFE13A5}.Debug|x86.Build.0 = Debug|x86
		{A4EC0924-5A90-4E83-8D61-4164ABFE13A5}.Release|Any CPU.ActiveCfg = Release|x86
		{A4EC0924-5A90-4E83-8D61-4164ABFE13A5}.Release|Mixed Platforms.ActiveCfg = Release|x86
		{A4EC0924-5A90-4E83-8D61-4164ABFE13A5}.Release|Mixed Platforms.Build.0 = Release|x86
		{A4EC0924-5A90-4E83-8D61-4164ABFE13A5}.Release|Win32.ActiveCfg = Release|x86
		{A4EC0924-5A90-4E83-8D61-4164ABFE13A5}.Release|x64.ActiveCfg = Release|x86
		{A4EC0924-5A90-4E83-8D61-4164ABFE13A5}.Release|x86.ActiveCfg = Release|x86
		{A4EC0924-5A90-4E83-8D61-4164ABFE13A5}.Release|x86.Build.0 = Release|x86
		{329DC657-B4D5-4324-AA0D-4B77B6F72D8C}.Debug|Any CPU.ActiveCfg = Debug|x86
		{329DC657-B4D5-4324-AA0D-4B77B6F72D8C}.Debug|Mixed Platforms.ActiveCfg = Debug|x86
		{329DC657-B4D5-4324-AA0D-4B77B6F72D8C}.Debug|Mixed Platforms.Build.0 = Debug|x86
		{329DC657-B4D5-4324-AA0D-4B77B6F72D8C}.Debug|Win32.ActiveCfg = Debug|x86
		{329DC657-B4D5-4324-AA0D-4B77B6F72D8C}.Debug|x64.ActiveCfg = Debug|x86
		{329DC657-B4D5-4324-AA0D-4B77B6F72D8C}.Debug|x86.ActiveCfg = Debug|x86
		{329DC657-B4D5-4324-AA0D-4B77B6F72D8C}.Debug|x86.Build.0 = Debug|x86
		{329DC657-B4D5-4324-AA0D-4B77B6F72D8C}.Release|Any CPU.ActiveCfg = Release|x86
		{329DC657-B4D5-4324-AA0D-4B77B6F72D8C}.Release|Mixed Platforms.ActiveCfg = Release|x86
		{329DC657-B4D5-4324-AA0D-4B77B6F72D8C}.Release|Mixed Platforms.Build.0 = Release|x86
		{329DC657-B4D5-4324-AA0D-4B77B6F72D8C}.Release|Win32.ActiveCfg = Release|x86
		{329DC657-B4D5-4324-AA0D-4B77B6F72D8C}.Release|x64.ActiveCfg = Release|x86
		{329DC657-B4D5-4324-AA0D-4B77B6F72D8C}.Release|x86.ActiveCfg = Release|x86
		{329DC657-B4D5-4324-AA0D-4B77B6F72D8C}.Release|x86.Build.0 = Release|x86
		{6B143A39-C7B2-4743-9917-92262C60E9A6}.Debug|Any CPU.ActiveCfg = Debug|x86
		{6B143A39-C7B2-4743-9917-92262C60E9A6}.Debug|Mixed Platforms.ActiveCfg = Debug|x86
		{6B143A39-C7B2-4743-9917-92262C60E9A6}.Debug|Mixed Platforms.Build.0 = Debug|x86
		{6B143A39-C7B2-4743-9917-92262C60E9A6}.Debug|Win32.ActiveCfg = Debug|x86
		{6B143A39-C7B2-4743-9917-92262C60E9A6}.Debug|x64.ActiveCfg = Debug|x86
		{6B143A39-C7B2-4743-9917-92262C60E9A6}.Debug|x86.ActiveCfg = Debug|x86
		{6B143A39-C7B2-4743-9917-92262C60E9A6}.Debug|x86.Build.0 = Debug|x86
		{6B143A39-C7B2-4743-9917-92262C60E9A6}.Release|Any CPU.ActiveCfg = Release|x86
		{6B143A39-C7B2-4743-9917-92262C60E9A6}.Release|Mixed Platforms.ActiveCfg = Release|x86
		{6B143A39-C7B2-4743-9917-92262C60E9A6}.Release|Mixed Platforms.Build.0 = Release|x86
		{6B143A39-C7B2-4743-9917-92262C60E9A6}.Release|Win32.ActiveCfg = Release|x86
		{6B143A39-C7B2-4743-9917-92262C60E9A6}.Release|x64.ActiveCfg = Release|x86
		{6B143A39-C7B2-4743-9917-92262C60E9A6}.Release|x86.ActiveCfg = Release|x86
		{6B143A39-C7B2-4743-9917-92262C60E9A6}.Release|x86.Build.0 = Release|x86
		{B16A1BFF-6ADE-4705-AE72-079C0312DC23}.Debug|Any CPU.ActiveCfg = Debug|Win32
		{B16A1BFF-6ADE-4705-AE72-079C0312DC23}.Debug|Mixed Platforms.ActiveCfg = Debug|Win32
		{B16A1BFF-6ADE-4705-AE72-079C0312DC23}.Debug|Mixed Platforms.Build.0 = Debug|Win32
		{B16A1BFF-6ADE-4705-AE72-079C0312DC23}.Debug|Win32.ActiveCfg = Debug|Win32
		{B16A1BFF-6ADE-4705-AE72-079C0312DC23}.Debug|Win32.Build.0 = Debug|Win32
		{B16A1BFF-6ADE-4705-AE72-079C0312DC23}.Debug|x64.ActiveCfg = Debug|Win32
		{B16A1BFF-6ADE-4705-AE72-079C0312DC23}.Debug|x86.ActiveCfg = Debug|Win32
		{B16A1BFF-6ADE-4705-AE72-079C0312DC23}.Release|Any CPU.ActiveCfg = Release|Win32
		{B16A1BFF-6ADE-4705-AE72-079C0312DC23}.Release|Mixed Platforms.ActiveCfg = Release|Win32
		{B16A1BFF-6ADE-4705-AE72-079C0312DC23}.Release|Mixed Platforms.Build.0 = Release|Win32
		{B16A1BFF-6ADE-4705-AE72-079C0312DC23}.Release|Win32.ActiveCfg = Release|Win32
		{B16A1BFF-6ADE-4705-AE72-079C0312DC23}.Release|Win32.Build.0 = Release|Win32
		{B16A1BFF-6ADE-4705-AE72-079C0312DC23}.Release|x64.ActiveCfg = Release|Win32
		{B16A1BFF-6ADE-4705-AE72-079C0312DC23}.Release|x86.ActiveCfg = Release|Win32
		{B16A1BFF-6ADE-4705-AE72-079C0312DC23}.Release|x86.Build.0 = Release|Win32
		{6598A7CD-8F27-4D3F-A675-5AE63113A7C3}.Debug|Any CPU.ActiveCfg = Debug|Any CPU
		{6598A7CD-8F27-4D3F-A675-5AE63113A7C3}.Debug|Any CPU.Build.0 = Debug|Any CPU
		{6598A7CD-8F27-4D3F-A675-5AE63113A7C3}.Debug|Mixed Platforms.ActiveCfg = Debug|x64
		{6598A7CD-8F27-4D3F-A675-5AE63113A7C3}.Debug|Mixed Platforms.Build.0 = Debug|x64
		{6598A7CD-8F27-4D3F-A675-5AE63113A7C3}.Debug|Win32.ActiveCfg = Debug|x64
		{6598A7CD-8F27-4D3F-A675-5AE63113A7C3}.Debug|x64.ActiveCfg = Debug|x64
		{6598A7CD-8F27-4D3F-A675-5AE63113A7C3}.Debug|x64.Build.0 = Debug|x64
		{6598A7CD-8F27-4D3F-A675-5AE63113A7C3}.Debug|x86.ActiveCfg = Debug|x86
		{6598A7CD-8F27-4D3F-A675-5AE63113A7C3}.Debug|x86.Build.0 = Debug|x86
		{6598A7CD-8F27-4D3F-A675-5AE63113A7C3}.Release|Any CPU.ActiveCfg = Release|Any CPU
		{6598A7CD-8F27-4D3F-A675-5AE63113A7C3}.Release|Any CPU.Build.0 = Release|Any CPU
		{6598A7CD-8F27-4D3F-A675-5AE63113A7C3}.Release|Mixed Platforms.ActiveCfg = Release|x64
		{6598A7CD-8F27-4D3F-A675-5AE63113A7C3}.Release|Mixed Platforms.Build.0 = Release|x64
		{6598A7CD-8F27-4D3F-A675-5AE63113A7C3}.Release|Win32.ActiveCfg = Release|x64
		{6598A7CD-8F27-4D3F-A675-5AE63113A7C3}.Release|x64.ActiveCfg = Release|x64
		{6598A7CD-8F27-4D3F-A675-5AE63113A7C3}.Release|x64.Build.0 = Release|x64
		{6598A7CD-8F27-4D3F-A675-5AE63113A7C3}.Release|x86.ActiveCfg = Release|x86
		{6598A7CD-8F27-4D3F-A675-5AE63113A7C3}.Release|x86.Build.0 = Release|x86
	EndGlobalSection
	GlobalSection(SolutionProperties) = preSolution
		HideSolutionNode = FALSE
	EndGlobalSection
EndGlobal
